
Microsoft Visual Studio Solution File, Format Version 12.00
# Visual Studio Version 17
VisualStudioVersion = 17.2.32602.215
MinimumVisualStudioVersion = 10.0.40219.1
Project("{FAE04EC0-301F-11D3-BF4B-00C04F79EFBC}") = "TelloWebApi", "TelloWebApi\TelloWebApi.csproj", "{3EE17627-8501-4918-BD54-B330FDC15F21}"
EndProject
Global
	GlobalSection(SolutionConfigurationPlatforms) = preSolution
		Debug|Any CPU = Debug|Any CPU
		Release|Any CPU = Release|Any CPU
	EndGlobalSection
	GlobalSection(ProjectConfigurationPlatforms) = postSolution
		{3EE17627-8501-4918-BD54-B330FDC15F21}.Debug|Any CPU.ActiveCfg = Debug|Any CPU
		{3EE17627-8501-4918-BD54-B330FDC15F21}.Debug|Any CPU.Build.0 = Debug|Any CPU
		{3EE17627-8501-4918-BD54-B330FDC15F21}.Release|Any CPU.ActiveCfg = Release|Any CPU
		{3EE17627-8501-4918-BD54-B330FDC15F21}.Release|Any CPU.Build.0 = Release|Any CPU
	EndGlobalSection
	GlobalSection(SolutionProperties) = preSolution
		HideSolutionNode = FALSE
	EndGlobalSection
	GlobalSection(ExtensibilityGlobals) = postSolution
		SolutionGuid = {7F052356-4692-4D2B-9228-F18A0435380B}
	EndGlobalSection
EndGlobal
